
Microsoft Visual Studio Solution File, Format Version 12.00
# Visual Studio Version 17
VisualStudioVersion = 17.1.32414.318
MinimumVisualStudioVersion = 10.0.40219.1
Project("{FAE04EC0-301F-11D3-BF4B-00C04F79EFBC}") = "Csharp-Array-of-Multiples", "Csharp-Array-of-Multiples.csproj", "{8FA93E4D-3BC3-4D4D-B683-14C3D0712783}"
EndProject
Global
	GlobalSection(SolutionConfigurationPlatforms) = preSolution
		Debug|Any CPU = Debug|Any CPU
		Release|Any CPU = Release|Any CPU
	EndGlobalSection
	GlobalSection(ProjectConfigurationPlatforms) = postSolution
		{8FA93E4D-3BC3-4D4D-B683-14C3D0712783}.Debug|Any CPU.ActiveCfg = Debug|Any CPU
		{8FA93E4D-3BC3-4D4D-B683-14C3D0712783}.Debug|Any CPU.Build.0 = Debug|Any CPU
		{8FA93E4D-3BC3-4D4D-B683-14C3D0712783}.Release|Any CPU.ActiveCfg = Release|Any CPU
		{8FA93E4D-3BC3-4D4D-B683-14C3D0712783}.Release|Any CPU.Build.0 = Release|Any CPU
	EndGlobalSection
	GlobalSection(SolutionProperties) = preSolution
		HideSolutionNode = FALSE
	EndGlobalSection
	GlobalSection(ExtensibilityGlobals) = postSolution
		SolutionGuid = {DEE6FD5F-34EB-4F09-A247-AFEE6C05EFB2}
	EndGlobalSection
EndGlobal
